
Microsoft Visual Studio Solution File, Format Version 12.00
# Visual Studio Version 16
VisualStudioVersion = 16.0.31205.134
MinimumVisualStudioVersion = 10.0.40219.1
Project("{FAE04EC0-301F-11D3-BF4B-00C04F79EFBC}") = "ContaTempo", "ContaTempo\ContaTempo.csproj", "{FE1D6802-52E6-4E70-A8A4-6CC32075D7EF}"
EndProject
Project("{FAE04EC0-301F-11D3-BF4B-00C04F79EFBC}") = "UnitTestContaTempo", "UnitTestContaTempo\UnitTestContaTempo.csproj", "{61E648BA-E127-4A84-AA9B-1567E4172F4D}"
EndProject
Global
	GlobalSection(SolutionConfigurationPlatforms) = preSolution
		Debug|Any CPU = Debug|Any CPU
		Release|Any CPU = Release|Any CPU
	EndGlobalSection
	GlobalSection(ProjectConfigurationPlatforms) = postSolution
		{FE1D6802-52E6-4E70-A8A4-6CC32075D7EF}.Debug|Any CPU.ActiveCfg = Debug|Any CPU
		{FE1D6802-52E6-4E70-A8A4-6CC32075D7EF}.Debug|Any CPU.Build.0 = Debug|Any CPU
		{FE1D6802-52E6-4E70-A8A4-6CC32075D7EF}.Release|Any CPU.ActiveCfg = Release|Any CPU
		{FE1D6802-52E6-4E70-A8A4-6CC32075D7EF}.Release|Any CPU.Build.0 = Release|Any CPU
		{61E648BA-E127-4A84-AA9B-1567E4172F4D}.Debug|Any CPU.ActiveCfg = Debug|Any CPU
		{61E648BA-E127-4A84-AA9B-1567E4172F4D}.Debug|Any CPU.Build.0 = Debug|Any CPU
		{61E648BA-E127-4A84-AA9B-1567E4172F4D}.Release|Any CPU.ActiveCfg = Release|Any CPU
		{61E648BA-E127-4A84-AA9B-1567E4172F4D}.Release|Any CPU.Build.0 = Release|Any CPU
	EndGlobalSection
	GlobalSection(SolutionProperties) = preSolution
		HideSolutionNode = FALSE
	EndGlobalSection
	GlobalSection(ExtensibilityGlobals) = postSolution
		SolutionGuid = {49E4BA9F-334C-492C-BB2C-8B57DD05F636}
	EndGlobalSection
EndGlobal
